// !$*UTF8*$!
{
	archiveVersion = 1;
	classes = {
	};
	objectVersion = 50;
	objects = {

/* Begin PBXBuildFile section */
		3C0E0F92264FA92700AB9405 /* AppDelegate.swift in Sources */ = {isa = PBXBuildFile; fileRef = 3C0E0F91264FA92700AB9405 /* AppDelegate.swift */; };
		3C0E0F94264FA92700AB9405 /* SceneDelegate.swift in Sources */ = {isa = PBXBuildFile; fileRef = 3C0E0F93264FA92700AB9405 /* SceneDelegate.swift */; };
		3C0E0F96264FA92700AB9405 /* ViewController.swift in Sources */ = {isa = PBXBuildFile; fileRef = 3C0E0F95264FA92700AB9405 /* ViewController.swift */; };
		3C0E0F99264FA92700AB9405 /* Main.storyboard in Resources */ = {isa = PBXBuildFile; fileRef = 3C0E0F97264FA92700AB9405 /* Main.storyboard */; };
		3C0E0F9B264FA92800AB9405 /* Assets.xcassets in Resources */ = {isa = PBXBuildFile; fileRef = 3C0E0F9A264FA92800AB9405 /* Assets.xcassets */; };
		3C0E0F9E264FA92800AB9405 /* LaunchScreen.storyboard in Resources */ = {isa = PBXBuildFile; fileRef = 3C0E0F9C264FA92800AB9405 /* LaunchScreen.storyboard */; };
		3C0E0FAB264FAB2400AB9405 /* AudioHomeVC.swift in Sources */ = {isa = PBXBuildFile; fileRef = 3C0E0FAA264FAB2400AB9405 /* AudioHomeVC.swift */; };
		3C0E0FAD264FAB3500AB9405 /* Audio.storyboard in Resources */ = {isa = PBXBuildFile; fileRef = 3C0E0FAC264FAB3500AB9405 /* Audio.storyboard */; };
		3C20080C2652B7F800C0FAAF /* Extentions+UIColor.swift in Sources */ = {isa = PBXBuildFile; fileRef = 3C20080B2652B7F800C0FAAF /* Extentions+UIColor.swift */; };
		3C2008162652BD2400C0FAAF /* NotoSansKR-Light.otf in Resources */ = {isa = PBXBuildFile; fileRef = 3C20080F2652BD2400C0FAAF /* NotoSansKR-Light.otf */; };
		3C2008172652BD2400C0FAAF /* NotoSansKR-Bold.otf in Resources */ = {isa = PBXBuildFile; fileRef = 3C2008102652BD2400C0FAAF /* NotoSansKR-Bold.otf */; };
		3C2008182652BD2400C0FAAF /* NotoSansKR-Thin.otf in Resources */ = {isa = PBXBuildFile; fileRef = 3C2008112652BD2400C0FAAF /* NotoSansKR-Thin.otf */; };
		3C2008192652BD2400C0FAAF /* OFL.txt in Resources */ = {isa = PBXBuildFile; fileRef = 3C2008122652BD2400C0FAAF /* OFL.txt */; };
		3C20081A2652BD2400C0FAAF /* NotoSansKR-Black.otf in Resources */ = {isa = PBXBuildFile; fileRef = 3C2008132652BD2400C0FAAF /* NotoSansKR-Black.otf */; };
		3C20081B2652BD2400C0FAAF /* NotoSansKR-Medium.otf in Resources */ = {isa = PBXBuildFile; fileRef = 3C2008142652BD2400C0FAAF /* NotoSansKR-Medium.otf */; };
		3C20081C2652BD2400C0FAAF /* NotoSansKR-Regular.otf in Resources */ = {isa = PBXBuildFile; fileRef = 3C2008152652BD2400C0FAAF /* NotoSansKR-Regular.otf */; };
		3C20081E2652BD4100C0FAAF /* Extentions+UIFont.swift in Sources */ = {isa = PBXBuildFile; fileRef = 3C20081D2652BD4100C0FAAF /* Extentions+UIFont.swift */; };
		4F7A07542652D86700206472 /* TabbarController.swift in Sources */ = {isa = PBXBuildFile; fileRef = 4F7A07532652D86700206472 /* TabbarController.swift */; };
		4F831E4A26518A6200676684 /* HomeVC.swift in Sources */ = {isa = PBXBuildFile; fileRef = 4F831E4926518A6200676684 /* HomeVC.swift */; };
		4F831E4C26518A6E00676684 /* Jinseok.storyboard in Resources */ = {isa = PBXBuildFile; fileRef = 4F831E4B26518A6E00676684 /* Jinseok.storyboard */; };
		4F831E5C26518FA400676684 /* DiscountTVC.swift in Sources */ = {isa = PBXBuildFile; fileRef = 4F831E5A26518FA400676684 /* DiscountTVC.swift */; };
		4F831E5D26518FA400676684 /* DiscountTVC.xib in Resources */ = {isa = PBXBuildFile; fileRef = 4F831E5B26518FA400676684 /* DiscountTVC.xib */; };
		4F831E602651911100676684 /* TrendTVC.swift in Sources */ = {isa = PBXBuildFile; fileRef = 4F831E5E2651911100676684 /* TrendTVC.swift */; };
		4F831E612651911100676684 /* TrendTVC.xib in Resources */ = {isa = PBXBuildFile; fileRef = 4F831E5F2651911100676684 /* TrendTVC.xib */; };
		4F831E64265197F700676684 /* AudioTVC.swift in Sources */ = {isa = PBXBuildFile; fileRef = 4F831E62265197F700676684 /* AudioTVC.swift */; };
		4F831E65265197F700676684 /* AudioTVC.xib in Resources */ = {isa = PBXBuildFile; fileRef = 4F831E63265197F700676684 /* AudioTVC.xib */; };
		4F831E6826519FB700676684 /* SmallCVC.swift in Sources */ = {isa = PBXBuildFile; fileRef = 4F831E6626519FB700676684 /* SmallCVC.swift */; };
		4F831E6926519FB700676684 /* SmallCVC.xib in Resources */ = {isa = PBXBuildFile; fileRef = 4F831E6726519FB700676684 /* SmallCVC.xib */; };
		4F831E6E265247A300676684 /* LargeCVC.swift in Sources */ = {isa = PBXBuildFile; fileRef = 4F831E6C265247A200676684 /* LargeCVC.swift */; };
		4F831E6F265247A300676684 /* LargeCVC.xib in Resources */ = {isa = PBXBuildFile; fileRef = 4F831E6D265247A200676684 /* LargeCVC.xib */; };
		4F831E76265254E200676684 /* RoundCVC.swift in Sources */ = {isa = PBXBuildFile; fileRef = 4F831E74265254E200676684 /* RoundCVC.swift */; };
		4F831E77265254E200676684 /* RoundCVC.xib in Resources */ = {isa = PBXBuildFile; fileRef = 4F831E75265254E200676684 /* RoundCVC.xib */; };
/* End PBXBuildFile section */

/* Begin PBXFileReference section */
		3C0E0F8E264FA92700AB9405 /* i-Oudio-S.app */ = {isa = PBXFileReference; explicitFileType = wrapper.application; includeInIndex = 0; path = "i-Oudio-S.app"; sourceTree = BUILT_PRODUCTS_DIR; };
		3C0E0F91264FA92700AB9405 /* AppDelegate.swift */ = {isa = PBXFileReference; lastKnownFileType = sourcecode.swift; path = AppDelegate.swift; sourceTree = "<group>"; };
		3C0E0F93264FA92700AB9405 /* SceneDelegate.swift */ = {isa = PBXFileReference; lastKnownFileType = sourcecode.swift; path = SceneDelegate.swift; sourceTree = "<group>"; };
		3C0E0F95264FA92700AB9405 /* ViewController.swift */ = {isa = PBXFileReference; lastKnownFileType = sourcecode.swift; path = ViewController.swift; sourceTree = "<group>"; };
		3C0E0F98264FA92700AB9405 /* Base */ = {isa = PBXFileReference; lastKnownFileType = file.storyboard; name = Base; path = Base.lproj/Main.storyboard; sourceTree = "<group>"; };
		3C0E0F9A264FA92800AB9405 /* Assets.xcassets */ = {isa = PBXFileReference; lastKnownFileType = folder.assetcatalog; path = Assets.xcassets; sourceTree = "<group>"; };
		3C0E0F9D264FA92800AB9405 /* Base */ = {isa = PBXFileReference; lastKnownFileType = file.storyboard; name = Base; path = Base.lproj/LaunchScreen.storyboard; sourceTree = "<group>"; };
		3C0E0F9F264FA92800AB9405 /* Info.plist */ = {isa = PBXFileReference; lastKnownFileType = text.plist.xml; name = Info.plist; path = "i-Oudio-S/Resource/Info.plist"; sourceTree = SOURCE_ROOT; };
		3C0E0FAA264FAB2400AB9405 /* AudioHomeVC.swift */ = {isa = PBXFileReference; lastKnownFileType = sourcecode.swift; path = AudioHomeVC.swift; sourceTree = "<group>"; };
		3C0E0FAC264FAB3500AB9405 /* Audio.storyboard */ = {isa = PBXFileReference; lastKnownFileType = file.storyboard; path = Audio.storyboard; sourceTree = "<group>"; };
		4F7A07532652D86700206472 /* TabbarController.swift */ = {isa = PBXFileReference; lastKnownFileType = sourcecode.swift; path = TabbarController.swift; sourceTree = "<group>"; };
		4F831E4926518A6200676684 /* HomeVC.swift */ = {isa = PBXFileReference; lastKnownFileType = sourcecode.swift; path = HomeVC.swift; sourceTree = "<group>"; };
		4F831E4B26518A6E00676684 /* Jinseok.storyboard */ = {isa = PBXFileReference; lastKnownFileType = file.storyboard; path = Jinseok.storyboard; sourceTree = "<group>"; };
		4F831E5A26518FA400676684 /* DiscountTVC.swift */ = {isa = PBXFileReference; lastKnownFileType = sourcecode.swift; path = DiscountTVC.swift; sourceTree = "<group>"; };
		4F831E5B26518FA400676684 /* DiscountTVC.xib */ = {isa = PBXFileReference; lastKnownFileType = file.xib; path = DiscountTVC.xib; sourceTree = "<group>"; };
		4F831E5E2651911100676684 /* TrendTVC.swift */ = {isa = PBXFileReference; lastKnownFileType = sourcecode.swift; path = TrendTVC.swift; sourceTree = "<group>"; };
		4F831E5F2651911100676684 /* TrendTVC.xib */ = {isa = PBXFileReference; lastKnownFileType = file.xib; path = TrendTVC.xib; sourceTree = "<group>"; };
		4F831E62265197F700676684 /* AudioTVC.swift */ = {isa = PBXFileReference; lastKnownFileType = sourcecode.swift; path = AudioTVC.swift; sourceTree = "<group>"; };
		4F831E63265197F700676684 /* AudioTVC.xib */ = {isa = PBXFileReference; lastKnownFileType = file.xib; path = AudioTVC.xib; sourceTree = "<group>"; };
		4F831E6626519FB700676684 /* SmallCVC.swift */ = {isa = PBXFileReference; lastKnownFileType = sourcecode.swift; path = SmallCVC.swift; sourceTree = "<group>"; };
		4F831E6726519FB700676684 /* SmallCVC.xib */ = {isa = PBXFileReference; lastKnownFileType = file.xib; path = SmallCVC.xib; sourceTree = "<group>"; };
		4F831E6C265247A200676684 /* LargeCVC.swift */ = {isa = PBXFileReference; lastKnownFileType = sourcecode.swift; path = LargeCVC.swift; sourceTree = "<group>"; };
		4F831E6D265247A200676684 /* LargeCVC.xib */ = {isa = PBXFileReference; lastKnownFileType = file.xib; path = LargeCVC.xib; sourceTree = "<group>"; };
		4F831E74265254E200676684 /* RoundCVC.swift */ = {isa = PBXFileReference; lastKnownFileType = sourcecode.swift; path = RoundCVC.swift; sourceTree = "<group>"; };
		4F831E75265254E200676684 /* RoundCVC.xib */ = {isa = PBXFileReference; lastKnownFileType = file.xib; path = RoundCVC.xib; sourceTree = "<group>"; };
		3C20080B2652B7F800C0FAAF /* Extentions+UIColor.swift */ = {isa = PBXFileReference; lastKnownFileType = sourcecode.swift; path = "Extentions+UIColor.swift"; sourceTree = "<group>"; };
		3C20080F2652BD2400C0FAAF /* NotoSansKR-Light.otf */ = {isa = PBXFileReference; lastKnownFileType = file; path = "NotoSansKR-Light.otf"; sourceTree = "<group>"; };
		3C2008102652BD2400C0FAAF /* NotoSansKR-Bold.otf */ = {isa = PBXFileReference; lastKnownFileType = file; path = "NotoSansKR-Bold.otf"; sourceTree = "<group>"; };
		3C2008112652BD2400C0FAAF /* NotoSansKR-Thin.otf */ = {isa = PBXFileReference; lastKnownFileType = file; path = "NotoSansKR-Thin.otf"; sourceTree = "<group>"; };
		3C2008122652BD2400C0FAAF /* OFL.txt */ = {isa = PBXFileReference; fileEncoding = 4; lastKnownFileType = text; path = OFL.txt; sourceTree = "<group>"; };
		3C2008132652BD2400C0FAAF /* NotoSansKR-Black.otf */ = {isa = PBXFileReference; lastKnownFileType = file; path = "NotoSansKR-Black.otf"; sourceTree = "<group>"; };
		3C2008142652BD2400C0FAAF /* NotoSansKR-Medium.otf */ = {isa = PBXFileReference; lastKnownFileType = file; path = "NotoSansKR-Medium.otf"; sourceTree = "<group>"; };
		3C2008152652BD2400C0FAAF /* NotoSansKR-Regular.otf */ = {isa = PBXFileReference; lastKnownFileType = file; path = "NotoSansKR-Regular.otf"; sourceTree = "<group>"; };
		3C20081D2652BD4100C0FAAF /* Extentions+UIFont.swift */ = {isa = PBXFileReference; lastKnownFileType = sourcecode.swift; path = "Extentions+UIFont.swift"; sourceTree = "<group>"; };
/* End PBXFileReference section */

/* Begin PBXFrameworksBuildPhase section */
		3C0E0F8B264FA92700AB9405 /* Frameworks */ = {
			isa = PBXFrameworksBuildPhase;
			buildActionMask = 2147483647;
			files = (
			);
			runOnlyForDeploymentPostprocessing = 0;
		};
/* End PBXFrameworksBuildPhase section */

/* Begin PBXGroup section */
		3C0E0F85264FA92700AB9405 = {
			isa = PBXGroup;
			children = (
				3C0E0F90264FA92700AB9405 /* i-Oudio-S */,
				3C0E0F8F264FA92700AB9405 /* Products */,
			);
			sourceTree = "<group>";
		};
		3C0E0F8F264FA92700AB9405 /* Products */ = {
			isa = PBXGroup;
			children = (
				3C0E0F8E264FA92700AB9405 /* i-Oudio-S.app */,
			);
			name = Products;
			sourceTree = "<group>";
		};
		3C0E0F90264FA92700AB9405 /* i-Oudio-S */ = {
			isa = PBXGroup;
			children = (
				3C0E0FA9264FAAE500AB9405 /* Source */,
				3C0E0FA8264FAADC00AB9405 /* Resource */,
				3C0E0F95264FA92700AB9405 /* ViewController.swift */,
				3C0E0F97264FA92700AB9405 /* Main.storyboard */,
			);
			path = "i-Oudio-S";
			sourceTree = "<group>";
		};
		3C0E0FA5264FAA6D00AB9405 /* YejiScene */ = {
			isa = PBXGroup;
			children = (
			);
			path = YejiScene;
			sourceTree = "<group>";
		};
		3C0E0FA6264FAAA300AB9405 /* JinseokScene */ = {
			isa = PBXGroup;
			children = (
				4F831E4626518A4400676684 /* Model */,
				4F831E4526518A3E00676684 /* View */,
				4F831E4B26518A6E00676684 /* Jinseok.storyboard */,
			);
			path = JinseokScene;
			sourceTree = "<group>";
		};
		3C0E0FA7264FAABF00AB9405 /* HeyryeongScene */ = {
			isa = PBXGroup;
			children = (
				3C0E0FAF264FAB4400AB9405 /* View */,
				3C0E0FAE264FAB3F00AB9405 /* Model */,
				3C0E0FAC264FAB3500AB9405 /* Audio.storyboard */,
			);
			path = HeyryeongScene;
			sourceTree = "<group>";
		};
		3C0E0FA8264FAADC00AB9405 /* Resource */ = {
			isa = PBXGroup;
			children = (
				3C20080D2652BD2400C0FAAF /* Font */,
				3C0E0F91264FA92700AB9405 /* AppDelegate.swift */,
				3C0E0F93264FA92700AB9405 /* SceneDelegate.swift */,
				3C0E0F9A264FA92800AB9405 /* Assets.xcassets */,
				3C0E0F9C264FA92800AB9405 /* LaunchScreen.storyboard */,
				3C0E0F9F264FA92800AB9405 /* Info.plist */,
			);
			path = Resource;
			sourceTree = "<group>";
		};
		3C0E0FA9264FAAE500AB9405 /* Source */ = {
			isa = PBXGroup;
			children = (
				3C20080A2652B7D400C0FAAF /* GeneralExtensions */,
				3C0E0FA7264FAABF00AB9405 /* HeyryeongScene */,
				3C0E0FA6264FAAA300AB9405 /* JinseokScene */,
				3C0E0FA5264FAA6D00AB9405 /* YejiScene */,
			);
			path = Source;
			sourceTree = "<group>";
		};
		3C0E0FAE264FAB3F00AB9405 /* Model */ = {
			isa = PBXGroup;
			children = (
			);
			path = Model;
			sourceTree = "<group>";
		};
		3C0E0FAF264FAB4400AB9405 /* View */ = {
			isa = PBXGroup;
			children = (
				3C0E0FB1264FAB5400AB9405 /* Cell */,
				3C0E0FB0264FAB4C00AB9405 /* VC */,
			);
			path = View;
			sourceTree = "<group>";
		};
		3C0E0FB0264FAB4C00AB9405 /* VC */ = {
			isa = PBXGroup;
			children = (
				3C0E0FAA264FAB2400AB9405 /* AudioHomeVC.swift */,
			);
			path = VC;
			sourceTree = "<group>";
		};
		3C0E0FB1264FAB5400AB9405 /* Cell */ = {
			isa = PBXGroup;
			children = (
			);
			path = Cell;
			sourceTree = "<group>";
		};
		4F7A074A2652C8A700206472 /* CVC */ = {
			isa = PBXGroup;
			children = (
				4F831E6626519FB700676684 /* SmallCVC.swift */,
				4F831E6726519FB700676684 /* SmallCVC.xib */,
				4F831E6C265247A200676684 /* LargeCVC.swift */,
				4F831E6D265247A200676684 /* LargeCVC.xib */,
				4F831E74265254E200676684 /* RoundCVC.swift */,
				4F831E75265254E200676684 /* RoundCVC.xib */,
			);
			path = CVC;
			sourceTree = "<group>";
		};
		4F7A074B2652C8B100206472 /* TVC */ = {
			isa = PBXGroup;
			children = (
				4F831E72265247E300676684 /* DiscountBook */,
				4F831E70265247AB00676684 /* TrendBook */,
				4F7A074D2652C9F100206472 /* AudioBook */,
			);
			path = TVC;
			sourceTree = "<group>";
		};
		4F7A074D2652C9F100206472 /* AudioBook */ = {
			isa = PBXGroup;
			children = (
				4F831E62265197F700676684 /* AudioTVC.swift */,
				4F831E63265197F700676684 /* AudioTVC.xib */,
			);
			path = AudioBook;
			sourceTree = "<group>";
		};
		4F831E4526518A3E00676684 /* View */ = {
			isa = PBXGroup;
			children = (
				4F831E4826518A5000676684 /* VC */,
				4F831E4726518A4C00676684 /* Cell */,
			);
			path = View;
			sourceTree = "<group>";
		};
		4F831E4626518A4400676684 /* Model */ = {
			isa = PBXGroup;
			children = (
			);
			path = Model;
			sourceTree = "<group>";
		};
		4F831E4726518A4C00676684 /* Cell */ = {
			isa = PBXGroup;
			children = (
				4F7A074B2652C8B100206472 /* TVC */,
				4F7A074A2652C8A700206472 /* CVC */,
			);
			path = Cell;
			sourceTree = "<group>";
		};
		4F831E4826518A5000676684 /* VC */ = {
			isa = PBXGroup;
			children = (
				4F831E4926518A6200676684 /* HomeVC.swift */,
				4F7A07532652D86700206472 /* TabbarController.swift */,
			);
			path = VC;
			sourceTree = "<group>";
		};
		4F831E70265247AB00676684 /* TrendBook */ = {
			isa = PBXGroup;
			children = (
				4F831E5E2651911100676684 /* TrendTVC.swift */,
				4F831E5F2651911100676684 /* TrendTVC.xib */,
			);
			path = TrendBook;
			sourceTree = "<group>";
		};
		4F831E72265247E300676684 /* DiscountBook */ = {
			isa = PBXGroup;
			children = (
				4F831E5A26518FA400676684 /* DiscountTVC.swift */,
				4F831E5B26518FA400676684 /* DiscountTVC.xib */,
			);
			path = DiscountBook;
			sourceTree = "<group>";
		};
		3C20080A2652B7D400C0FAAF /* GeneralExtensions */ = {
			isa = PBXGroup;
			children = (
				3C20080B2652B7F800C0FAAF /* Extentions+UIColor.swift */,
				3C20081D2652BD4100C0FAAF /* Extentions+UIFont.swift */,
			);
			path = GeneralExtensions;
			sourceTree = "<group>";
		};
		3C20080D2652BD2400C0FAAF /* Font */ = {
			isa = PBXGroup;
			children = (
				3C20080E2652BD2400C0FAAF /* Noto_Sans_KR */,
			);
			path = Font;
			sourceTree = "<group>";
		};
		3C20080E2652BD2400C0FAAF /* Noto_Sans_KR */ = {
			isa = PBXGroup;
			children = (
				3C20080F2652BD2400C0FAAF /* NotoSansKR-Light.otf */,
				3C2008102652BD2400C0FAAF /* NotoSansKR-Bold.otf */,
				3C2008112652BD2400C0FAAF /* NotoSansKR-Thin.otf */,
				3C2008122652BD2400C0FAAF /* OFL.txt */,
				3C2008132652BD2400C0FAAF /* NotoSansKR-Black.otf */,
				3C2008142652BD2400C0FAAF /* NotoSansKR-Medium.otf */,
				3C2008152652BD2400C0FAAF /* NotoSansKR-Regular.otf */,
			);
			path = Noto_Sans_KR;
			sourceTree = "<group>";
		};
/* End PBXGroup section */

/* Begin PBXNativeTarget section */
		3C0E0F8D264FA92700AB9405 /* i-Oudio-S */ = {
			isa = PBXNativeTarget;
			buildConfigurationList = 3C0E0FA2264FA92800AB9405 /* Build configuration list for PBXNativeTarget "i-Oudio-S" */;
			buildPhases = (
				3C0E0F8A264FA92700AB9405 /* Sources */,
				3C0E0F8B264FA92700AB9405 /* Frameworks */,
				3C0E0F8C264FA92700AB9405 /* Resources */,
			);
			buildRules = (
			);
			dependencies = (
			);
			name = "i-Oudio-S";
			productName = "i-Oudio-S";
			productReference = 3C0E0F8E264FA92700AB9405 /* i-Oudio-S.app */;
			productType = "com.apple.product-type.application";
		};
/* End PBXNativeTarget section */

/* Begin PBXProject section */
		3C0E0F86264FA92700AB9405 /* Project object */ = {
			isa = PBXProject;
			attributes = {
				LastSwiftUpdateCheck = 1250;
				LastUpgradeCheck = 1250;
				TargetAttributes = {
					3C0E0F8D264FA92700AB9405 = {
						CreatedOnToolsVersion = 12.5;
					};
				};
			};
			buildConfigurationList = 3C0E0F89264FA92700AB9405 /* Build configuration list for PBXProject "i-Oudio-S" */;
			compatibilityVersion = "Xcode 9.3";
			developmentRegion = en;
			hasScannedForEncodings = 0;
			knownRegions = (
				en,
				Base,
			);
			mainGroup = 3C0E0F85264FA92700AB9405;
			productRefGroup = 3C0E0F8F264FA92700AB9405 /* Products */;
			projectDirPath = "";
			projectRoot = "";
			targets = (
				3C0E0F8D264FA92700AB9405 /* i-Oudio-S */,
			);
		};
/* End PBXProject section */

/* Begin PBXResourcesBuildPhase section */
		3C0E0F8C264FA92700AB9405 /* Resources */ = {
			isa = PBXResourcesBuildPhase;
			buildActionMask = 2147483647;
			files = (
				3C20081C2652BD2400C0FAAF /* NotoSansKR-Regular.otf in Resources */,
				3C20081A2652BD2400C0FAAF /* NotoSansKR-Black.otf in Resources */,
				3C0E0F9E264FA92800AB9405 /* LaunchScreen.storyboard in Resources */,
				3C20081B2652BD2400C0FAAF /* NotoSansKR-Medium.otf in Resources */,
				3C2008182652BD2400C0FAAF /* NotoSansKR-Thin.otf in Resources */,
				3C2008162652BD2400C0FAAF /* NotoSansKR-Light.otf in Resources */,
				3C0E0FAD264FAB3500AB9405 /* Audio.storyboard in Resources */,
				4F831E77265254E200676684 /* RoundCVC.xib in Resources */,
				4F831E65265197F700676684 /* AudioTVC.xib in Resources */,
				4F831E6926519FB700676684 /* SmallCVC.xib in Resources */,
				4F831E4C26518A6E00676684 /* Jinseok.storyboard in Resources */,
				4F831E612651911100676684 /* TrendTVC.xib in Resources */,
				4F831E5D26518FA400676684 /* DiscountTVC.xib in Resources */,
				3C0E0F9B264FA92800AB9405 /* Assets.xcassets in Resources */,
				3C2008172652BD2400C0FAAF /* NotoSansKR-Bold.otf in Resources */,
				3C2008192652BD2400C0FAAF /* OFL.txt in Resources */,
				4F831E6F265247A300676684 /* LargeCVC.xib in Resources */,
				3C0E0F99264FA92700AB9405 /* Main.storyboard in Resources */,
			);
			runOnlyForDeploymentPostprocessing = 0;
		};
/* End PBXResourcesBuildPhase section */

/* Begin PBXSourcesBuildPhase section */
		3C0E0F8A264FA92700AB9405 /* Sources */ = {
			isa = PBXSourcesBuildPhase;
			buildActionMask = 2147483647;
			files = (
				4F831E76265254E200676684 /* RoundCVC.swift in Sources */,
				3C0E0FAB264FAB2400AB9405 /* AudioHomeVC.swift in Sources */,
				3C20080C2652B7F800C0FAAF /* Extentions+UIColor.swift in Sources */,
				4F7A07542652D86700206472 /* TabbarController.swift in Sources */,
				4F831E6826519FB700676684 /* SmallCVC.swift in Sources */,
				4F831E602651911100676684 /* TrendTVC.swift in Sources */,
				4F831E5C26518FA400676684 /* DiscountTVC.swift in Sources */,
				4F831E4A26518A6200676684 /* HomeVC.swift in Sources */,
				3C0E0F96264FA92700AB9405 /* ViewController.swift in Sources */,
				3C0E0F92264FA92700AB9405 /* AppDelegate.swift in Sources */,
				4F831E64265197F700676684 /* AudioTVC.swift in Sources */,
				4F831E6E265247A300676684 /* LargeCVC.swift in Sources */,
				3C0E0F94264FA92700AB9405 /* SceneDelegate.swift in Sources */,
				3C20081E2652BD4100C0FAAF /* Extentions+UIFont.swift in Sources */,
			);
			runOnlyForDeploymentPostprocessing = 0;
		};
/* End PBXSourcesBuildPhase section */

/* Begin PBXVariantGroup section */
		3C0E0F97264FA92700AB9405 /* Main.storyboard */ = {
			isa = PBXVariantGroup;
			children = (
				3C0E0F98264FA92700AB9405 /* Base */,
			);
			name = Main.storyboard;
			sourceTree = "<group>";
		};
		3C0E0F9C264FA92800AB9405 /* LaunchScreen.storyboard */ = {
			isa = PBXVariantGroup;
			children = (
				3C0E0F9D264FA92800AB9405 /* Base */,
			);
			name = LaunchScreen.storyboard;
			sourceTree = "<group>";
		};
/* End PBXVariantGroup section */

/* Begin XCBuildConfiguration section */
		3C0E0FA0264FA92800AB9405 /* Debug */ = {
			isa = XCBuildConfiguration;
			buildSettings = {
				ALWAYS_SEARCH_USER_PATHS = NO;
				CLANG_ANALYZER_NONNULL = YES;
				CLANG_ANALYZER_NUMBER_OBJECT_CONVERSION = YES_AGGRESSIVE;
				CLANG_CXX_LANGUAGE_STANDARD = "gnu++14";
				CLANG_CXX_LIBRARY = "libc++";
				CLANG_ENABLE_MODULES = YES;
				CLANG_ENABLE_OBJC_ARC = YES;
				CLANG_ENABLE_OBJC_WEAK = YES;
				CLANG_WARN_BLOCK_CAPTURE_AUTORELEASING = YES;
				CLANG_WARN_BOOL_CONVERSION = YES;
				CLANG_WARN_COMMA = YES;
				CLANG_WARN_CONSTANT_CONVERSION = YES;
				CLANG_WARN_DEPRECATED_OBJC_IMPLEMENTATIONS = YES;
				CLANG_WARN_DIRECT_OBJC_ISA_USAGE = YES_ERROR;
				CLANG_WARN_DOCUMENTATION_COMMENTS = YES;
				CLANG_WARN_EMPTY_BODY = YES;
				CLANG_WARN_ENUM_CONVERSION = YES;
				CLANG_WARN_INFINITE_RECURSION = YES;
				CLANG_WARN_INT_CONVERSION = YES;
				CLANG_WARN_NON_LITERAL_NULL_CONVERSION = YES;
				CLANG_WARN_OBJC_IMPLICIT_RETAIN_SELF = YES;
				CLANG_WARN_OBJC_LITERAL_CONVERSION = YES;
				CLANG_WARN_OBJC_ROOT_CLASS = YES_ERROR;
				CLANG_WARN_QUOTED_INCLUDE_IN_FRAMEWORK_HEADER = YES;
				CLANG_WARN_RANGE_LOOP_ANALYSIS = YES;
				CLANG_WARN_STRICT_PROTOTYPES = YES;
				CLANG_WARN_SUSPICIOUS_MOVE = YES;
				CLANG_WARN_UNGUARDED_AVAILABILITY = YES_AGGRESSIVE;
				CLANG_WARN_UNREACHABLE_CODE = YES;
				CLANG_WARN__DUPLICATE_METHOD_MATCH = YES;
				COPY_PHASE_STRIP = NO;
				DEBUG_INFORMATION_FORMAT = dwarf;
				ENABLE_STRICT_OBJC_MSGSEND = YES;
				ENABLE_TESTABILITY = YES;
				GCC_C_LANGUAGE_STANDARD = gnu11;
				GCC_DYNAMIC_NO_PIC = NO;
				GCC_NO_COMMON_BLOCKS = YES;
				GCC_OPTIMIZATION_LEVEL = 0;
				GCC_PREPROCESSOR_DEFINITIONS = (
					"DEBUG=1",
					"$(inherited)",
				);
				GCC_WARN_64_TO_32_BIT_CONVERSION = YES;
				GCC_WARN_ABOUT_RETURN_TYPE = YES_ERROR;
				GCC_WARN_UNDECLARED_SELECTOR = YES;
				GCC_WARN_UNINITIALIZED_AUTOS = YES_AGGRESSIVE;
				GCC_WARN_UNUSED_FUNCTION = YES;
				GCC_WARN_UNUSED_VARIABLE = YES;
				IPHONEOS_DEPLOYMENT_TARGET = 14.5;
				MTL_ENABLE_DEBUG_INFO = INCLUDE_SOURCE;
				MTL_FAST_MATH = YES;
				ONLY_ACTIVE_ARCH = YES;
				SDKROOT = iphoneos;
				SWIFT_ACTIVE_COMPILATION_CONDITIONS = DEBUG;
				SWIFT_OPTIMIZATION_LEVEL = "-Onone";
			};
			name = Debug;
		};
		3C0E0FA1264FA92800AB9405 /* Release */ = {
			isa = XCBuildConfiguration;
			buildSettings = {
				ALWAYS_SEARCH_USER_PATHS = NO;
				CLANG_ANALYZER_NONNULL = YES;
				CLANG_ANALYZER_NUMBER_OBJECT_CONVERSION = YES_AGGRESSIVE;
				CLANG_CXX_LANGUAGE_STANDARD = "gnu++14";
				CLANG_CXX_LIBRARY = "libc++";
				CLANG_ENABLE_MODULES = YES;
				CLANG_ENABLE_OBJC_ARC = YES;
				CLANG_ENABLE_OBJC_WEAK = YES;
				CLANG_WARN_BLOCK_CAPTURE_AUTORELEASING = YES;
				CLANG_WARN_BOOL_CONVERSION = YES;
				CLANG_WARN_COMMA = YES;
				CLANG_WARN_CONSTANT_CONVERSION = YES;
				CLANG_WARN_DEPRECATED_OBJC_IMPLEMENTATIONS = YES;
				CLANG_WARN_DIRECT_OBJC_ISA_USAGE = YES_ERROR;
				CLANG_WARN_DOCUMENTATION_COMMENTS = YES;
				CLANG_WARN_EMPTY_BODY = YES;
				CLANG_WARN_ENUM_CONVERSION = YES;
				CLANG_WARN_INFINITE_RECURSION = YES;
				CLANG_WARN_INT_CONVERSION = YES;
				CLANG_WARN_NON_LITERAL_NULL_CONVERSION = YES;
				CLANG_WARN_OBJC_IMPLICIT_RETAIN_SELF = YES;
				CLANG_WARN_OBJC_LITERAL_CONVERSION = YES;
				CLANG_WARN_OBJC_ROOT_CLASS = YES_ERROR;
				CLANG_WARN_QUOTED_INCLUDE_IN_FRAMEWORK_HEADER = YES;
				CLANG_WARN_RANGE_LOOP_ANALYSIS = YES;
				CLANG_WARN_STRICT_PROTOTYPES = YES;
				CLANG_WARN_SUSPICIOUS_MOVE = YES;
				CLANG_WARN_UNGUARDED_AVAILABILITY = YES_AGGRESSIVE;
				CLANG_WARN_UNREACHABLE_CODE = YES;
				CLANG_WARN__DUPLICATE_METHOD_MATCH = YES;
				COPY_PHASE_STRIP = NO;
				DEBUG_INFORMATION_FORMAT = "dwarf-with-dsym";
				ENABLE_NS_ASSERTIONS = NO;
				ENABLE_STRICT_OBJC_MSGSEND = YES;
				GCC_C_LANGUAGE_STANDARD = gnu11;
				GCC_NO_COMMON_BLOCKS = YES;
				GCC_WARN_64_TO_32_BIT_CONVERSION = YES;
				GCC_WARN_ABOUT_RETURN_TYPE = YES_ERROR;
				GCC_WARN_UNDECLARED_SELECTOR = YES;
				GCC_WARN_UNINITIALIZED_AUTOS = YES_AGGRESSIVE;
				GCC_WARN_UNUSED_FUNCTION = YES;
				GCC_WARN_UNUSED_VARIABLE = YES;
				IPHONEOS_DEPLOYMENT_TARGET = 14.5;
				MTL_ENABLE_DEBUG_INFO = NO;
				MTL_FAST_MATH = YES;
				SDKROOT = iphoneos;
				SWIFT_COMPILATION_MODE = wholemodule;
				SWIFT_OPTIMIZATION_LEVEL = "-O";
				VALIDATE_PRODUCT = YES;
			};
			name = Release;
		};
		3C0E0FA3264FA92800AB9405 /* Debug */ = {
			isa = XCBuildConfiguration;
			buildSettings = {
				ASSETCATALOG_COMPILER_APPICON_NAME = AppIcon;
				ASSETCATALOG_COMPILER_GLOBAL_ACCENT_COLOR_NAME = AccentColor;
				CODE_SIGN_STYLE = Automatic;
				DEVELOPMENT_TEAM = J8A843466G;
				INFOPLIST_FILE = "i-Oudio-S/Resource/Info.plist";
				LD_RUNPATH_SEARCH_PATHS = (
					"$(inherited)",
					"@executable_path/Frameworks",
				);
				PRODUCT_BUNDLE_IDENTIFIER = "net.hryeong.i-Oudio-S";
				PRODUCT_NAME = "$(TARGET_NAME)";
				SWIFT_VERSION = 5.0;
				TARGETED_DEVICE_FAMILY = "1,2";
			};
			name = Debug;
		};
		3C0E0FA4264FA92800AB9405 /* Release */ = {
			isa = XCBuildConfiguration;
			buildSettings = {
				ASSETCATALOG_COMPILER_APPICON_NAME = AppIcon;
				ASSETCATALOG_COMPILER_GLOBAL_ACCENT_COLOR_NAME = AccentColor;
				CODE_SIGN_STYLE = Automatic;
				DEVELOPMENT_TEAM = J8A843466G;
				INFOPLIST_FILE = "i-Oudio-S/Resource/Info.plist";
				LD_RUNPATH_SEARCH_PATHS = (
					"$(inherited)",
					"@executable_path/Frameworks",
				);
				PRODUCT_BUNDLE_IDENTIFIER = "net.hryeong.i-Oudio-S";
				PRODUCT_NAME = "$(TARGET_NAME)";
				SWIFT_VERSION = 5.0;
				TARGETED_DEVICE_FAMILY = "1,2";
			};
			name = Release;
		};
/* End XCBuildConfiguration section */

/* Begin XCConfigurationList section */
		3C0E0F89264FA92700AB9405 /* Build configuration list for PBXProject "i-Oudio-S" */ = {
			isa = XCConfigurationList;
			buildConfigurations = (
				3C0E0FA0264FA92800AB9405 /* Debug */,
				3C0E0FA1264FA92800AB9405 /* Release */,
			);
			defaultConfigurationIsVisible = 0;
			defaultConfigurationName = Release;
		};
		3C0E0FA2264FA92800AB9405 /* Build configuration list for PBXNativeTarget "i-Oudio-S" */ = {
			isa = XCConfigurationList;
			buildConfigurations = (
				3C0E0FA3264FA92800AB9405 /* Debug */,
				3C0E0FA4264FA92800AB9405 /* Release */,
			);
			defaultConfigurationIsVisible = 0;
			defaultConfigurationName = Release;
		};
/* End XCConfigurationList section */
	};
	rootObject = 3C0E0F86264FA92700AB9405 /* Project object */;
}
