// !$*UTF8*$!
{
	archiveVersion = 1;
	classes = {
	};
	objectVersion = 50;
	objects = {

/* Begin PBXBuildFile section */
		3C0E0F92264FA92700AB9405 /* AppDelegate.swift in Sources */ = {isa = PBXBuildFile; fileRef = 3C0E0F91264FA92700AB9405 /* AppDelegate.swift */; };
		3C0E0F94264FA92700AB9405 /* SceneDelegate.swift in Sources */ = {isa = PBXBuildFile; fileRef = 3C0E0F93264FA92700AB9405 /* SceneDelegate.swift */; };
		3C0E0F96264FA92700AB9405 /* ViewController.swift in Sources */ = {isa = PBXBuildFile; fileRef = 3C0E0F95264FA92700AB9405 /* ViewController.swift */; };
		3C0E0F9B264FA92800AB9405 /* Assets.xcassets in Resources */ = {isa = PBXBuildFile; fileRef = 3C0E0F9A264FA92800AB9405 /* Assets.xcassets */; };
		3C0E0F9E264FA92800AB9405 /* LaunchScreen.storyboard in Resources */ = {isa = PBXBuildFile; fileRef = 3C0E0F9C264FA92800AB9405 /* LaunchScreen.storyboard */; };
		3C0E0FAB264FAB2400AB9405 /* AudioHomeVC.swift in Sources */ = {isa = PBXBuildFile; fileRef = 3C0E0FAA264FAB2400AB9405 /* AudioHomeVC.swift */; };
		3C0E0FAD264FAB3500AB9405 /* Audio.storyboard in Resources */ = {isa = PBXBuildFile; fileRef = 3C0E0FAC264FAB3500AB9405 /* Audio.storyboard */; };
		3C20080C2652B7F800C0FAAF /* Extentions+UIColor.swift in Sources */ = {isa = PBXBuildFile; fileRef = 3C20080B2652B7F800C0FAAF /* Extentions+UIColor.swift */; };
		3C2008162652BD2400C0FAAF /* NotoSansKR-Light.otf in Resources */ = {isa = PBXBuildFile; fileRef = 3C20080F2652BD2400C0FAAF /* NotoSansKR-Light.otf */; };
		3C2008172652BD2400C0FAAF /* NotoSansKR-Bold.otf in Resources */ = {isa = PBXBuildFile; fileRef = 3C2008102652BD2400C0FAAF /* NotoSansKR-Bold.otf */; };
		3C2008182652BD2400C0FAAF /* NotoSansKR-Thin.otf in Resources */ = {isa = PBXBuildFile; fileRef = 3C2008112652BD2400C0FAAF /* NotoSansKR-Thin.otf */; };
		3C2008192652BD2400C0FAAF /* OFL.txt in Resources */ = {isa = PBXBuildFile; fileRef = 3C2008122652BD2400C0FAAF /* OFL.txt */; };
		3C20081A2652BD2400C0FAAF /* NotoSansKR-Black.otf in Resources */ = {isa = PBXBuildFile; fileRef = 3C2008132652BD2400C0FAAF /* NotoSansKR-Black.otf */; };
		3C20081B2652BD2400C0FAAF /* NotoSansKR-Medium.otf in Resources */ = {isa = PBXBuildFile; fileRef = 3C2008142652BD2400C0FAAF /* NotoSansKR-Medium.otf */; };
		3C20081C2652BD2400C0FAAF /* NotoSansKR-Regular.otf in Resources */ = {isa = PBXBuildFile; fileRef = 3C2008152652BD2400C0FAAF /* NotoSansKR-Regular.otf */; };
		3C20081E2652BD4100C0FAAF /* Extentions+UIFont.swift in Sources */ = {isa = PBXBuildFile; fileRef = 3C20081D2652BD4100C0FAAF /* Extentions+UIFont.swift */; };
		AA4DC8F126518187009FA74B /* AudioStoryboard.storyboard in Resources */ = {isa = PBXBuildFile; fileRef = AA4DC8F026518187009FA74B /* AudioStoryboard.storyboard */; };
		AA4DC90826519254009FA74B /* AudioMainVC.swift in Sources */ = {isa = PBXBuildFile; fileRef = AA4DC90726519254009FA74B /* AudioMainVC.swift */; };
		AA4DC9152651A85C009FA74B /* Main.storyboard in Resources */ = {isa = PBXBuildFile; fileRef = AA4DC9142651A85C009FA74B /* Main.storyboard */; };
		AA4DC919265232F1009FA74B /* HeaderTVC.swift in Sources */ = {isa = PBXBuildFile; fileRef = AA4DC917265232F1009FA74B /* HeaderTVC.swift */; };
		AA4DC91A265232F1009FA74B /* HeaderTVC.xib in Resources */ = {isa = PBXBuildFile; fileRef = AA4DC918265232F1009FA74B /* HeaderTVC.xib */; };
		AA4DC92626525DB6009FA74B /* LineSpacing+UILabel.swift in Sources */ = {isa = PBXBuildFile; fileRef = AA4DC92526525DB6009FA74B /* LineSpacing+UILabel.swift */; };
		AA4DC9332652670C009FA74B /* BookTVC.swift in Sources */ = {isa = PBXBuildFile; fileRef = AA4DC9312652670C009FA74B /* BookTVC.swift */; };
		AA4DC9342652670C009FA74B /* BookTVC.xib in Resources */ = {isa = PBXBuildFile; fileRef = AA4DC9322652670C009FA74B /* BookTVC.xib */; };
		AA4DC94726526C52009FA74B /* BookCVC.swift in Sources */ = {isa = PBXBuildFile; fileRef = AA4DC94526526C52009FA74B /* BookCVC.swift */; };
		AA4DC94826526C52009FA74B /* BookCVC.xib in Resources */ = {isa = PBXBuildFile; fileRef = AA4DC94626526C52009FA74B /* BookCVC.xib */; };
		AA4DC94C2652D265009FA74B /* BookDataModel.swift in Sources */ = {isa = PBXBuildFile; fileRef = AA4DC94B2652D265009FA74B /* BookDataModel.swift */; };
		AA4DC95326537D47009FA74B /* Home.storyboard in Resources */ = {isa = PBXBuildFile; fileRef = AA4DC95226537D47009FA74B /* Home.storyboard */; };
		AA4DC95626537D57009FA74B /* My.storyboard in Resources */ = {isa = PBXBuildFile; fileRef = AA4DC95526537D57009FA74B /* My.storyboard */; };
		AA4DC95926537DE7009FA74B /* HomeVC.swift in Sources */ = {isa = PBXBuildFile; fileRef = AA4DC95826537DE7009FA74B /* HomeVC.swift */; };
		AA4DC95C26537DF4009FA74B /* MyVC.swift in Sources */ = {isa = PBXBuildFile; fileRef = AA4DC95B26537DF4009FA74B /* MyVC.swift */; };
		AA4DC96126538804009FA74B /* SnsBookTVC.swift in Sources */ = {isa = PBXBuildFile; fileRef = AA4DC95F26538804009FA74B /* SnsBookTVC.swift */; };
		AA4DC96226538804009FA74B /* SnsBookTVC.xib in Resources */ = {isa = PBXBuildFile; fileRef = AA4DC96026538804009FA74B /* SnsBookTVC.xib */; };
		AA4DC96A26538E1A009FA74B /* SnsBookCVC.swift in Sources */ = {isa = PBXBuildFile; fileRef = AA4DC96826538E1A009FA74B /* SnsBookCVC.swift */; };
		AA4DC96B26538E1A009FA74B /* SnsBookCVC.xib in Resources */ = {isa = PBXBuildFile; fileRef = AA4DC96926538E1A009FA74B /* SnsBookCVC.xib */; };
		AABF7D302657A456003B17DE /* TopicDataModel.swift in Sources */ = {isa = PBXBuildFile; fileRef = AABF7D2F2657A456003B17DE /* TopicDataModel.swift */; };
		AABF7D612658C36C003B17DE /* TopicBookTVC.swift in Sources */ = {isa = PBXBuildFile; fileRef = AABF7D5F2658C36C003B17DE /* TopicBookTVC.swift */; };
		AABF7D622658C36C003B17DE /* TopicBookTVC.xib in Resources */ = {isa = PBXBuildFile; fileRef = AABF7D602658C36C003B17DE /* TopicBookTVC.xib */; };
		AABF7D6A2658C52E003B17DE /* TopicBookCVC.swift in Sources */ = {isa = PBXBuildFile; fileRef = AABF7D682658C52E003B17DE /* TopicBookCVC.swift */; };
		AABF7D6B2658C52E003B17DE /* TopicBookCVC.xib in Resources */ = {isa = PBXBuildFile; fileRef = AABF7D692658C52E003B17DE /* TopicBookCVC.xib */; };
/* End PBXBuildFile section */

/* Begin PBXFileReference section */
		3C0E0F8E264FA92700AB9405 /* i-Oudio-S.app */ = {isa = PBXFileReference; explicitFileType = wrapper.application; includeInIndex = 0; path = "i-Oudio-S.app"; sourceTree = BUILT_PRODUCTS_DIR; };
		3C0E0F91264FA92700AB9405 /* AppDelegate.swift */ = {isa = PBXFileReference; lastKnownFileType = sourcecode.swift; path = AppDelegate.swift; sourceTree = "<group>"; };
		3C0E0F93264FA92700AB9405 /* SceneDelegate.swift */ = {isa = PBXFileReference; lastKnownFileType = sourcecode.swift; path = SceneDelegate.swift; sourceTree = "<group>"; };
		3C0E0F95264FA92700AB9405 /* ViewController.swift */ = {isa = PBXFileReference; lastKnownFileType = sourcecode.swift; path = ViewController.swift; sourceTree = "<group>"; };
		3C0E0F9A264FA92800AB9405 /* Assets.xcassets */ = {isa = PBXFileReference; lastKnownFileType = folder.assetcatalog; path = Assets.xcassets; sourceTree = "<group>"; };
		3C0E0F9D264FA92800AB9405 /* Base */ = {isa = PBXFileReference; lastKnownFileType = file.storyboard; name = Base; path = Base.lproj/LaunchScreen.storyboard; sourceTree = "<group>"; };
		3C0E0F9F264FA92800AB9405 /* Info.plist */ = {isa = PBXFileReference; lastKnownFileType = text.plist.xml; path = Info.plist; sourceTree = "<group>"; };
		3C0E0FAA264FAB2400AB9405 /* AudioHomeVC.swift */ = {isa = PBXFileReference; lastKnownFileType = sourcecode.swift; path = AudioHomeVC.swift; sourceTree = "<group>"; };
		3C0E0FAC264FAB3500AB9405 /* Audio.storyboard */ = {isa = PBXFileReference; lastKnownFileType = file.storyboard; path = Audio.storyboard; sourceTree = "<group>"; };
		3C20080B2652B7F800C0FAAF /* Extentions+UIColor.swift */ = {isa = PBXFileReference; lastKnownFileType = sourcecode.swift; path = "Extentions+UIColor.swift"; sourceTree = "<group>"; };
		3C20080F2652BD2400C0FAAF /* NotoSansKR-Light.otf */ = {isa = PBXFileReference; lastKnownFileType = file; path = "NotoSansKR-Light.otf"; sourceTree = "<group>"; };
		3C2008102652BD2400C0FAAF /* NotoSansKR-Bold.otf */ = {isa = PBXFileReference; lastKnownFileType = file; path = "NotoSansKR-Bold.otf"; sourceTree = "<group>"; };
		3C2008112652BD2400C0FAAF /* NotoSansKR-Thin.otf */ = {isa = PBXFileReference; lastKnownFileType = file; path = "NotoSansKR-Thin.otf"; sourceTree = "<group>"; };
		3C2008122652BD2400C0FAAF /* OFL.txt */ = {isa = PBXFileReference; fileEncoding = 4; lastKnownFileType = text; path = OFL.txt; sourceTree = "<group>"; };
		3C2008132652BD2400C0FAAF /* NotoSansKR-Black.otf */ = {isa = PBXFileReference; lastKnownFileType = file; path = "NotoSansKR-Black.otf"; sourceTree = "<group>"; };
		3C2008142652BD2400C0FAAF /* NotoSansKR-Medium.otf */ = {isa = PBXFileReference; lastKnownFileType = file; path = "NotoSansKR-Medium.otf"; sourceTree = "<group>"; };
		3C2008152652BD2400C0FAAF /* NotoSansKR-Regular.otf */ = {isa = PBXFileReference; lastKnownFileType = file; path = "NotoSansKR-Regular.otf"; sourceTree = "<group>"; };
		3C20081D2652BD4100C0FAAF /* Extentions+UIFont.swift */ = {isa = PBXFileReference; lastKnownFileType = sourcecode.swift; path = "Extentions+UIFont.swift"; sourceTree = "<group>"; };
		AA4DC8F026518187009FA74B /* AudioStoryboard.storyboard */ = {isa = PBXFileReference; lastKnownFileType = file.storyboard; path = AudioStoryboard.storyboard; sourceTree = "<group>"; };
		AA4DC90726519254009FA74B /* AudioMainVC.swift */ = {isa = PBXFileReference; lastKnownFileType = sourcecode.swift; path = AudioMainVC.swift; sourceTree = "<group>"; };
		AA4DC9142651A85C009FA74B /* Main.storyboard */ = {isa = PBXFileReference; fileEncoding = 4; lastKnownFileType = file.storyboard; name = Main.storyboard; path = ../../Main.storyboard; sourceTree = "<group>"; };
		AA4DC917265232F1009FA74B /* HeaderTVC.swift */ = {isa = PBXFileReference; lastKnownFileType = sourcecode.swift; path = HeaderTVC.swift; sourceTree = "<group>"; };
		AA4DC918265232F1009FA74B /* HeaderTVC.xib */ = {isa = PBXFileReference; lastKnownFileType = file.xib; path = HeaderTVC.xib; sourceTree = "<group>"; };
		AA4DC92526525DB6009FA74B /* LineSpacing+UILabel.swift */ = {isa = PBXFileReference; lastKnownFileType = sourcecode.swift; path = "LineSpacing+UILabel.swift"; sourceTree = "<group>"; };
		AA4DC9312652670C009FA74B /* BookTVC.swift */ = {isa = PBXFileReference; lastKnownFileType = sourcecode.swift; path = BookTVC.swift; sourceTree = "<group>"; };
		AA4DC9322652670C009FA74B /* BookTVC.xib */ = {isa = PBXFileReference; lastKnownFileType = file.xib; path = BookTVC.xib; sourceTree = "<group>"; };
		AA4DC94526526C52009FA74B /* BookCVC.swift */ = {isa = PBXFileReference; lastKnownFileType = sourcecode.swift; path = BookCVC.swift; sourceTree = "<group>"; };
		AA4DC94626526C52009FA74B /* BookCVC.xib */ = {isa = PBXFileReference; lastKnownFileType = file.xib; path = BookCVC.xib; sourceTree = "<group>"; };
		AA4DC94B2652D265009FA74B /* BookDataModel.swift */ = {isa = PBXFileReference; lastKnownFileType = sourcecode.swift; path = BookDataModel.swift; sourceTree = "<group>"; };
		AA4DC95226537D47009FA74B /* Home.storyboard */ = {isa = PBXFileReference; lastKnownFileType = file.storyboard; path = Home.storyboard; sourceTree = "<group>"; };
		AA4DC95526537D57009FA74B /* My.storyboard */ = {isa = PBXFileReference; lastKnownFileType = file.storyboard; path = My.storyboard; sourceTree = "<group>"; };
		AA4DC95826537DE7009FA74B /* HomeVC.swift */ = {isa = PBXFileReference; lastKnownFileType = sourcecode.swift; path = HomeVC.swift; sourceTree = "<group>"; };
		AA4DC95B26537DF4009FA74B /* MyVC.swift */ = {isa = PBXFileReference; lastKnownFileType = sourcecode.swift; path = MyVC.swift; sourceTree = "<group>"; };
		AA4DC95F26538804009FA74B /* SnsBookTVC.swift */ = {isa = PBXFileReference; lastKnownFileType = sourcecode.swift; path = SnsBookTVC.swift; sourceTree = "<group>"; };
		AA4DC96026538804009FA74B /* SnsBookTVC.xib */ = {isa = PBXFileReference; lastKnownFileType = file.xib; path = SnsBookTVC.xib; sourceTree = "<group>"; };
		AA4DC96826538E1A009FA74B /* SnsBookCVC.swift */ = {isa = PBXFileReference; lastKnownFileType = sourcecode.swift; path = SnsBookCVC.swift; sourceTree = "<group>"; };
		AA4DC96926538E1A009FA74B /* SnsBookCVC.xib */ = {isa = PBXFileReference; lastKnownFileType = file.xib; path = SnsBookCVC.xib; sourceTree = "<group>"; };
		AABF7D2F2657A456003B17DE /* TopicDataModel.swift */ = {isa = PBXFileReference; fileEncoding = 4; lastKnownFileType = sourcecode.swift; name = TopicDataModel.swift; path = ../../../../../TopicDataModel.swift; sourceTree = "<group>"; };
		AABF7D5F2658C36C003B17DE /* TopicBookTVC.swift */ = {isa = PBXFileReference; lastKnownFileType = sourcecode.swift; path = TopicBookTVC.swift; sourceTree = "<group>"; };
		AABF7D602658C36C003B17DE /* TopicBookTVC.xib */ = {isa = PBXFileReference; lastKnownFileType = file.xib; path = TopicBookTVC.xib; sourceTree = "<group>"; };
		AABF7D682658C52E003B17DE /* TopicBookCVC.swift */ = {isa = PBXFileReference; lastKnownFileType = sourcecode.swift; path = TopicBookCVC.swift; sourceTree = "<group>"; };
		AABF7D692658C52E003B17DE /* TopicBookCVC.xib */ = {isa = PBXFileReference; lastKnownFileType = file.xib; path = TopicBookCVC.xib; sourceTree = "<group>"; };
/* End PBXFileReference section */

/* Begin PBXFrameworksBuildPhase section */
		3C0E0F8B264FA92700AB9405 /* Frameworks */ = {
			isa = PBXFrameworksBuildPhase;
			buildActionMask = 2147483647;
			files = (
			);
			runOnlyForDeploymentPostprocessing = 0;
		};
/* End PBXFrameworksBuildPhase section */

/* Begin PBXGroup section */
		3C0E0F85264FA92700AB9405 = {
			isa = PBXGroup;
			children = (
				3C0E0F90264FA92700AB9405 /* i-Oudio-S */,
				3C0E0F8F264FA92700AB9405 /* Products */,
			);
			sourceTree = "<group>";
		};
		3C0E0F8F264FA92700AB9405 /* Products */ = {
			isa = PBXGroup;
			children = (
				3C0E0F8E264FA92700AB9405 /* i-Oudio-S.app */,
			);
			name = Products;
			sourceTree = "<group>";
		};
		3C0E0F90264FA92700AB9405 /* i-Oudio-S */ = {
			isa = PBXGroup;
			children = (
				3C0E0FA9264FAAE500AB9405 /* Source */,
				3C0E0FA8264FAADC00AB9405 /* Resource */,
				3C0E0F95264FA92700AB9405 /* ViewController.swift */,
				AA4DC9142651A85C009FA74B /* Main.storyboard */,
			);
			path = "i-Oudio-S";
			sourceTree = "<group>";
		};
		3C0E0FA5264FAA6D00AB9405 /* YejiScene */ = {
			isa = PBXGroup;
			children = (
				AA4DC92226525C89009FA74B /* extension */,
				AA4DC8EF26517F55009FA74B /* Model */,
				AA4DC8EE26517E78009FA74B /* View */,
				AA4DC95226537D47009FA74B /* Home.storyboard */,
				AA4DC95526537D57009FA74B /* My.storyboard */,
				AA4DC8F026518187009FA74B /* AudioStoryboard.storyboard */,
			);
			path = YejiScene;
			sourceTree = "<group>";
		};
		3C0E0FA6264FAAA300AB9405 /* JinseokScene */ = {
			isa = PBXGroup;
			children = (
			);
			path = JinseokScene;
			sourceTree = "<group>";
		};
		3C0E0FA7264FAABF00AB9405 /* HeyryeongScene */ = {
			isa = PBXGroup;
			children = (
				3C0E0FAF264FAB4400AB9405 /* View */,
				3C0E0FAE264FAB3F00AB9405 /* Model */,
				3C0E0FAC264FAB3500AB9405 /* Audio.storyboard */,
			);
			path = HeyryeongScene;
			sourceTree = "<group>";
		};
		3C0E0FA8264FAADC00AB9405 /* Resource */ = {
			isa = PBXGroup;
			children = (
				3C20080D2652BD2400C0FAAF /* Font */,
				3C0E0F91264FA92700AB9405 /* AppDelegate.swift */,
				3C0E0F93264FA92700AB9405 /* SceneDelegate.swift */,
				3C0E0F9A264FA92800AB9405 /* Assets.xcassets */,
				3C0E0F9C264FA92800AB9405 /* LaunchScreen.storyboard */,
				3C0E0F9F264FA92800AB9405 /* Info.plist */,
			);
			path = Resource;
			sourceTree = "<group>";
		};
		3C0E0FA9264FAAE500AB9405 /* Source */ = {
			isa = PBXGroup;
			children = (
				3C20080A2652B7D400C0FAAF /* GeneralExtensions */,
				3C0E0FA7264FAABF00AB9405 /* HeyryeongScene */,
				3C0E0FA6264FAAA300AB9405 /* JinseokScene */,
				3C0E0FA5264FAA6D00AB9405 /* YejiScene */,
			);
			path = Source;
			sourceTree = "<group>";
		};
		3C0E0FAE264FAB3F00AB9405 /* Model */ = {
			isa = PBXGroup;
			children = (
			);
			path = Model;
			sourceTree = "<group>";
		};
		3C0E0FAF264FAB4400AB9405 /* View */ = {
			isa = PBXGroup;
			children = (
				3C0E0FB1264FAB5400AB9405 /* Cell */,
				3C0E0FB0264FAB4C00AB9405 /* VC */,
			);
			path = View;
			sourceTree = "<group>";
		};
		3C0E0FB0264FAB4C00AB9405 /* VC */ = {
			isa = PBXGroup;
			children = (
				3C0E0FAA264FAB2400AB9405 /* AudioHomeVC.swift */,
			);
			path = VC;
			sourceTree = "<group>";
		};
		3C0E0FB1264FAB5400AB9405 /* Cell */ = {
			isa = PBXGroup;
			children = (
			);
			path = Cell;
			sourceTree = "<group>";
		};
		3C20080A2652B7D400C0FAAF /* GeneralExtensions */ = {
			isa = PBXGroup;
			children = (
				3C20080B2652B7F800C0FAAF /* Extentions+UIColor.swift */,
				3C20081D2652BD4100C0FAAF /* Extentions+UIFont.swift */,
			);
			path = GeneralExtensions;
			sourceTree = "<group>";
		};
		3C20080D2652BD2400C0FAAF /* Font */ = {
			isa = PBXGroup;
			children = (
				3C20080E2652BD2400C0FAAF /* Noto_Sans_KR */,
			);
			path = Font;
			sourceTree = "<group>";
		};
		3C20080E2652BD2400C0FAAF /* Noto_Sans_KR */ = {
			isa = PBXGroup;
			children = (
				3C20080F2652BD2400C0FAAF /* NotoSansKR-Light.otf */,
				3C2008102652BD2400C0FAAF /* NotoSansKR-Bold.otf */,
				3C2008112652BD2400C0FAAF /* NotoSansKR-Thin.otf */,
				3C2008122652BD2400C0FAAF /* OFL.txt */,
				3C2008132652BD2400C0FAAF /* NotoSansKR-Black.otf */,
				3C2008142652BD2400C0FAAF /* NotoSansKR-Medium.otf */,
				3C2008152652BD2400C0FAAF /* NotoSansKR-Regular.otf */,
			);
			path = Noto_Sans_KR;
			sourceTree = "<group>";
		};
		AA4DC8EE26517E78009FA74B /* View */ = {
			isa = PBXGroup;
			children = (
				AA4DC90626519217009FA74B /* Cell */,
				AA4DC9052651920B009FA74B /* VC */,
			);
			path = View;
			sourceTree = "<group>";
		};
		AA4DC8EF26517F55009FA74B /* Model */ = {
			isa = PBXGroup;
			children = (
				AA4DC94B2652D265009FA74B /* BookDataModel.swift */,
				AABF7D2F2657A456003B17DE /* TopicDataModel.swift */,
			);
			path = Model;
			sourceTree = "<group>";
		};
		AA4DC9052651920B009FA74B /* VC */ = {
			isa = PBXGroup;
			children = (
				AA4DC90726519254009FA74B /* AudioMainVC.swift */,
				AA4DC95826537DE7009FA74B /* HomeVC.swift */,
				AA4DC95B26537DF4009FA74B /* MyVC.swift */,
			);
			path = VC;
			sourceTree = "<group>";
		};
		AA4DC90626519217009FA74B /* Cell */ = {
			isa = PBXGroup;
			children = (
				AA4DC917265232F1009FA74B /* HeaderTVC.swift */,
				AA4DC918265232F1009FA74B /* HeaderTVC.xib */,
				AA4DC9312652670C009FA74B /* BookTVC.swift */,
				AA4DC9322652670C009FA74B /* BookTVC.xib */,
				AA4DC94526526C52009FA74B /* BookCVC.swift */,
				AA4DC94626526C52009FA74B /* BookCVC.xib */,
				AA4DC95F26538804009FA74B /* SnsBookTVC.swift */,
				AA4DC96026538804009FA74B /* SnsBookTVC.xib */,
				AA4DC96826538E1A009FA74B /* SnsBookCVC.swift */,
				AA4DC96926538E1A009FA74B /* SnsBookCVC.xib */,
				AABF7D5F2658C36C003B17DE /* TopicBookTVC.swift */,
				AABF7D602658C36C003B17DE /* TopicBookTVC.xib */,
				AABF7D682658C52E003B17DE /* TopicBookCVC.swift */,
				AABF7D692658C52E003B17DE /* TopicBookCVC.xib */,
			);
			path = Cell;
			sourceTree = "<group>";
		};
		AA4DC92226525C89009FA74B /* extension */ = {
			isa = PBXGroup;
			children = (
				AA4DC92526525DB6009FA74B /* LineSpacing+UILabel.swift */,
			);
			path = extension;
			sourceTree = "<group>";
		};
/* End PBXGroup section */

/* Begin PBXNativeTarget section */
		3C0E0F8D264FA92700AB9405 /* i-Oudio-S */ = {
			isa = PBXNativeTarget;
			buildConfigurationList = 3C0E0FA2264FA92800AB9405 /* Build configuration list for PBXNativeTarget "i-Oudio-S" */;
			buildPhases = (
				3C0E0F8A264FA92700AB9405 /* Sources */,
				3C0E0F8B264FA92700AB9405 /* Frameworks */,
				3C0E0F8C264FA92700AB9405 /* Resources */,
			);
			buildRules = (
			);
			dependencies = (
			);
			name = "i-Oudio-S";
			productName = "i-Oudio-S";
			productReference = 3C0E0F8E264FA92700AB9405 /* i-Oudio-S.app */;
			productType = "com.apple.product-type.application";
		};
/* End PBXNativeTarget section */

/* Begin PBXProject section */
		3C0E0F86264FA92700AB9405 /* Project object */ = {
			isa = PBXProject;
			attributes = {
				LastSwiftUpdateCheck = 1250;
				LastUpgradeCheck = 1250;
				TargetAttributes = {
					3C0E0F8D264FA92700AB9405 = {
						CreatedOnToolsVersion = 12.5;
					};
				};
			};
			buildConfigurationList = 3C0E0F89264FA92700AB9405 /* Build configuration list for PBXProject "i-Oudio-S" */;
			compatibilityVersion = "Xcode 9.3";
			developmentRegion = en;
			hasScannedForEncodings = 0;
			knownRegions = (
				en,
				Base,
			);
			mainGroup = 3C0E0F85264FA92700AB9405;
			productRefGroup = 3C0E0F8F264FA92700AB9405 /* Products */;
			projectDirPath = "";
			projectRoot = "";
			targets = (
				3C0E0F8D264FA92700AB9405 /* i-Oudio-S */,
			);
		};
/* End PBXProject section */

/* Begin PBXResourcesBuildPhase section */
		3C0E0F8C264FA92700AB9405 /* Resources */ = {
			isa = PBXResourcesBuildPhase;
			buildActionMask = 2147483647;
			files = (
				3C20081C2652BD2400C0FAAF /* NotoSansKR-Regular.otf in Resources */,
				AABF7D6B2658C52E003B17DE /* TopicBookCVC.xib in Resources */,
				3C20081A2652BD2400C0FAAF /* NotoSansKR-Black.otf in Resources */,
				3C0E0F9E264FA92800AB9405 /* LaunchScreen.storyboard in Resources */,
				3C20081B2652BD2400C0FAAF /* NotoSansKR-Medium.otf in Resources */,
				3C2008182652BD2400C0FAAF /* NotoSansKR-Thin.otf in Resources */,
				3C2008162652BD2400C0FAAF /* NotoSansKR-Light.otf in Resources */,
				AA4DC94826526C52009FA74B /* BookCVC.xib in Resources */,
				AA4DC9152651A85C009FA74B /* Main.storyboard in Resources */,
				AA4DC95326537D47009FA74B /* Home.storyboard in Resources */,
				AA4DC95626537D57009FA74B /* My.storyboard in Resources */,
				AA4DC9342652670C009FA74B /* BookTVC.xib in Resources */,
				AA4DC96226538804009FA74B /* SnsBookTVC.xib in Resources */,
				AABF7D622658C36C003B17DE /* TopicBookTVC.xib in Resources */,
				AA4DC91A265232F1009FA74B /* HeaderTVC.xib in Resources */,
				3C0E0FAD264FAB3500AB9405 /* Audio.storyboard in Resources */,
				AA4DC8F126518187009FA74B /* AudioStoryboard.storyboard in Resources */,
				3C0E0F9B264FA92800AB9405 /* Assets.xcassets in Resources */,
				3C2008172652BD2400C0FAAF /* NotoSansKR-Bold.otf in Resources */,
				3C2008192652BD2400C0FAAF /* OFL.txt in Resources */,
				AA4DC96B26538E1A009FA74B /* SnsBookCVC.xib in Resources */,
			);
			runOnlyForDeploymentPostprocessing = 0;
		};
/* End PBXResourcesBuildPhase section */

/* Begin PBXSourcesBuildPhase section */
		3C0E0F8A264FA92700AB9405 /* Sources */ = {
			isa = PBXSourcesBuildPhase;
			buildActionMask = 2147483647;
			files = (
				3C0E0FAB264FAB2400AB9405 /* AudioHomeVC.swift in Sources */,
				3C20080C2652B7F800C0FAAF /* Extentions+UIColor.swift in Sources */,
				3C0E0F96264FA92700AB9405 /* ViewController.swift in Sources */,
				AA4DC94C2652D265009FA74B /* BookDataModel.swift in Sources */,
				AA4DC9332652670C009FA74B /* BookTVC.swift in Sources */,
				AABF7D302657A456003B17DE /* TopicDataModel.swift in Sources */,
				AA4DC919265232F1009FA74B /* HeaderTVC.swift in Sources */,
				3C0E0F92264FA92700AB9405 /* AppDelegate.swift in Sources */,
				AA4DC90826519254009FA74B /* AudioMainVC.swift in Sources */,
				AA4DC95C26537DF4009FA74B /* MyVC.swift in Sources */,
				AA4DC96A26538E1A009FA74B /* SnsBookCVC.swift in Sources */,
				AABF7D6A2658C52E003B17DE /* TopicBookCVC.swift in Sources */,
				AA4DC96126538804009FA74B /* SnsBookTVC.swift in Sources */,
				3C0E0F94264FA92700AB9405 /* SceneDelegate.swift in Sources */,
				AA4DC95926537DE7009FA74B /* HomeVC.swift in Sources */,
				AABF7D612658C36C003B17DE /* TopicBookTVC.swift in Sources */,
				AA4DC92626525DB6009FA74B /* LineSpacing+UILabel.swift in Sources */,
				AA4DC94726526C52009FA74B /* BookCVC.swift in Sources */,
				3C20081E2652BD4100C0FAAF /* Extentions+UIFont.swift in Sources */,
			);
			runOnlyForDeploymentPostprocessing = 0;
		};
/* End PBXSourcesBuildPhase section */

/* Begin PBXVariantGroup section */
		3C0E0F9C264FA92800AB9405 /* LaunchScreen.storyboard */ = {
			isa = PBXVariantGroup;
			children = (
				3C0E0F9D264FA92800AB9405 /* Base */,
			);
			name = LaunchScreen.storyboard;
			sourceTree = "<group>";
		};
/* End PBXVariantGroup section */

/* Begin XCBuildConfiguration section */
		3C0E0FA0264FA92800AB9405 /* Debug */ = {
			isa = XCBuildConfiguration;
			buildSettings = {
				ALWAYS_SEARCH_USER_PATHS = NO;
				CLANG_ANALYZER_NONNULL = YES;
				CLANG_ANALYZER_NUMBER_OBJECT_CONVERSION = YES_AGGRESSIVE;
				CLANG_CXX_LANGUAGE_STANDARD = "gnu++14";
				CLANG_CXX_LIBRARY = "libc++";
				CLANG_ENABLE_MODULES = YES;
				CLANG_ENABLE_OBJC_ARC = YES;
				CLANG_ENABLE_OBJC_WEAK = YES;
				CLANG_WARN_BLOCK_CAPTURE_AUTORELEASING = YES;
				CLANG_WARN_BOOL_CONVERSION = YES;
				CLANG_WARN_COMMA = YES;
				CLANG_WARN_CONSTANT_CONVERSION = YES;
				CLANG_WARN_DEPRECATED_OBJC_IMPLEMENTATIONS = YES;
				CLANG_WARN_DIRECT_OBJC_ISA_USAGE = YES_ERROR;
				CLANG_WARN_DOCUMENTATION_COMMENTS = YES;
				CLANG_WARN_EMPTY_BODY = YES;
				CLANG_WARN_ENUM_CONVERSION = YES;
				CLANG_WARN_INFINITE_RECURSION = YES;
				CLANG_WARN_INT_CONVERSION = YES;
				CLANG_WARN_NON_LITERAL_NULL_CONVERSION = YES;
				CLANG_WARN_OBJC_IMPLICIT_RETAIN_SELF = YES;
				CLANG_WARN_OBJC_LITERAL_CONVERSION = YES;
				CLANG_WARN_OBJC_ROOT_CLASS = YES_ERROR;
				CLANG_WARN_QUOTED_INCLUDE_IN_FRAMEWORK_HEADER = YES;
				CLANG_WARN_RANGE_LOOP_ANALYSIS = YES;
				CLANG_WARN_STRICT_PROTOTYPES = YES;
				CLANG_WARN_SUSPICIOUS_MOVE = YES;
				CLANG_WARN_UNGUARDED_AVAILABILITY = YES_AGGRESSIVE;
				CLANG_WARN_UNREACHABLE_CODE = YES;
				CLANG_WARN__DUPLICATE_METHOD_MATCH = YES;
				COPY_PHASE_STRIP = NO;
				DEBUG_INFORMATION_FORMAT = dwarf;
				ENABLE_STRICT_OBJC_MSGSEND = YES;
				ENABLE_TESTABILITY = YES;
				GCC_C_LANGUAGE_STANDARD = gnu11;
				GCC_DYNAMIC_NO_PIC = NO;
				GCC_NO_COMMON_BLOCKS = YES;
				GCC_OPTIMIZATION_LEVEL = 0;
				GCC_PREPROCESSOR_DEFINITIONS = (
					"DEBUG=1",
					"$(inherited)",
				);
				GCC_WARN_64_TO_32_BIT_CONVERSION = YES;
				GCC_WARN_ABOUT_RETURN_TYPE = YES_ERROR;
				GCC_WARN_UNDECLARED_SELECTOR = YES;
				GCC_WARN_UNINITIALIZED_AUTOS = YES_AGGRESSIVE;
				GCC_WARN_UNUSED_FUNCTION = YES;
				GCC_WARN_UNUSED_VARIABLE = YES;
				IPHONEOS_DEPLOYMENT_TARGET = 13.0;
				MTL_ENABLE_DEBUG_INFO = INCLUDE_SOURCE;
				MTL_FAST_MATH = YES;
				ONLY_ACTIVE_ARCH = YES;
				SDKROOT = iphoneos;
				SWIFT_ACTIVE_COMPILATION_CONDITIONS = DEBUG;
				SWIFT_OPTIMIZATION_LEVEL = "-Onone";
			};
			name = Debug;
		};
		3C0E0FA1264FA92800AB9405 /* Release */ = {
			isa = XCBuildConfiguration;
			buildSettings = {
				ALWAYS_SEARCH_USER_PATHS = NO;
				CLANG_ANALYZER_NONNULL = YES;
				CLANG_ANALYZER_NUMBER_OBJECT_CONVERSION = YES_AGGRESSIVE;
				CLANG_CXX_LANGUAGE_STANDARD = "gnu++14";
				CLANG_CXX_LIBRARY = "libc++";
				CLANG_ENABLE_MODULES = YES;
				CLANG_ENABLE_OBJC_ARC = YES;
				CLANG_ENABLE_OBJC_WEAK = YES;
				CLANG_WARN_BLOCK_CAPTURE_AUTORELEASING = YES;
				CLANG_WARN_BOOL_CONVERSION = YES;
				CLANG_WARN_COMMA = YES;
				CLANG_WARN_CONSTANT_CONVERSION = YES;
				CLANG_WARN_DEPRECATED_OBJC_IMPLEMENTATIONS = YES;
				CLANG_WARN_DIRECT_OBJC_ISA_USAGE = YES_ERROR;
				CLANG_WARN_DOCUMENTATION_COMMENTS = YES;
				CLANG_WARN_EMPTY_BODY = YES;
				CLANG_WARN_ENUM_CONVERSION = YES;
				CLANG_WARN_INFINITE_RECURSION = YES;
				CLANG_WARN_INT_CONVERSION = YES;
				CLANG_WARN_NON_LITERAL_NULL_CONVERSION = YES;
				CLANG_WARN_OBJC_IMPLICIT_RETAIN_SELF = YES;
				CLANG_WARN_OBJC_LITERAL_CONVERSION = YES;
				CLANG_WARN_OBJC_ROOT_CLASS = YES_ERROR;
				CLANG_WARN_QUOTED_INCLUDE_IN_FRAMEWORK_HEADER = YES;
				CLANG_WARN_RANGE_LOOP_ANALYSIS = YES;
				CLANG_WARN_STRICT_PROTOTYPES = YES;
				CLANG_WARN_SUSPICIOUS_MOVE = YES;
				CLANG_WARN_UNGUARDED_AVAILABILITY = YES_AGGRESSIVE;
				CLANG_WARN_UNREACHABLE_CODE = YES;
				CLANG_WARN__DUPLICATE_METHOD_MATCH = YES;
				COPY_PHASE_STRIP = NO;
				DEBUG_INFORMATION_FORMAT = "dwarf-with-dsym";
				ENABLE_NS_ASSERTIONS = NO;
				ENABLE_STRICT_OBJC_MSGSEND = YES;
				GCC_C_LANGUAGE_STANDARD = gnu11;
				GCC_NO_COMMON_BLOCKS = YES;
				GCC_WARN_64_TO_32_BIT_CONVERSION = YES;
				GCC_WARN_ABOUT_RETURN_TYPE = YES_ERROR;
				GCC_WARN_UNDECLARED_SELECTOR = YES;
				GCC_WARN_UNINITIALIZED_AUTOS = YES_AGGRESSIVE;
				GCC_WARN_UNUSED_FUNCTION = YES;
				GCC_WARN_UNUSED_VARIABLE = YES;
				IPHONEOS_DEPLOYMENT_TARGET = 13.0;
				MTL_ENABLE_DEBUG_INFO = NO;
				MTL_FAST_MATH = YES;
				SDKROOT = iphoneos;
				SWIFT_COMPILATION_MODE = wholemodule;
				SWIFT_OPTIMIZATION_LEVEL = "-O";
				VALIDATE_PRODUCT = YES;
			};
			name = Release;
		};
		3C0E0FA3264FA92800AB9405 /* Debug */ = {
			isa = XCBuildConfiguration;
			buildSettings = {
				ASSETCATALOG_COMPILER_APPICON_NAME = AppIcon;
				ASSETCATALOG_COMPILER_GLOBAL_ACCENT_COLOR_NAME = AccentColor;
				CODE_SIGN_STYLE = Automatic;
				DEVELOPMENT_TEAM = J8A843466G;
				INFOPLIST_FILE = "i-Oudio-S/Resource/Info.plist";
				LD_RUNPATH_SEARCH_PATHS = (
					"$(inherited)",
					"@executable_path/Frameworks",
				);
				PRODUCT_BUNDLE_IDENTIFIER = "net.hryeong.i-Oudio-S";
				PRODUCT_NAME = "$(TARGET_NAME)";
				SWIFT_VERSION = 5.0;
				TARGETED_DEVICE_FAMILY = "1,2";
			};
			name = Debug;
		};
		3C0E0FA4264FA92800AB9405 /* Release */ = {
			isa = XCBuildConfiguration;
			buildSettings = {
				ASSETCATALOG_COMPILER_APPICON_NAME = AppIcon;
				ASSETCATALOG_COMPILER_GLOBAL_ACCENT_COLOR_NAME = AccentColor;
				CODE_SIGN_STYLE = Automatic;
				DEVELOPMENT_TEAM = J8A843466G;
				INFOPLIST_FILE = "i-Oudio-S/Resource/Info.plist";
				LD_RUNPATH_SEARCH_PATHS = (
					"$(inherited)",
					"@executable_path/Frameworks",
				);
				PRODUCT_BUNDLE_IDENTIFIER = "net.hryeong.i-Oudio-S";
				PRODUCT_NAME = "$(TARGET_NAME)";
				SWIFT_VERSION = 5.0;
				TARGETED_DEVICE_FAMILY = "1,2";
			};
			name = Release;
		};
/* End XCBuildConfiguration section */

/* Begin XCConfigurationList section */
		3C0E0F89264FA92700AB9405 /* Build configuration list for PBXProject "i-Oudio-S" */ = {
			isa = XCConfigurationList;
			buildConfigurations = (
				3C0E0FA0264FA92800AB9405 /* Debug */,
				3C0E0FA1264FA92800AB9405 /* Release */,
			);
			defaultConfigurationIsVisible = 0;
			defaultConfigurationName = Release;
		};
		3C0E0FA2264FA92800AB9405 /* Build configuration list for PBXNativeTarget "i-Oudio-S" */ = {
			isa = XCConfigurationList;
			buildConfigurations = (
				3C0E0FA3264FA92800AB9405 /* Debug */,
				3C0E0FA4264FA92800AB9405 /* Release */,
			);
			defaultConfigurationIsVisible = 0;
			defaultConfigurationName = Release;
		};
/* End XCConfigurationList section */
	};
	rootObject = 3C0E0F86264FA92700AB9405 /* Project object */;
}
